
Microsoft Visual Studio Solution File, Format Version 12.00
# Visual Studio 15
VisualStudioVersion = 15.0.28010.2048
MinimumVisualStudioVersion = 10.0.40219.1
Project("{FAE04EC0-301F-11D3-BF4B-00C04F79EFBC}") = "Chess_Game", "Chess_Game\Chess_Game.csproj", "{765C8450-5E9C-47FE-8A82-A46DD5C5CAE5}"
EndProject
Global
	GlobalSection(SolutionConfigurationPlatforms) = preSolution
		Debug|Any CPU = Debug|Any CPU
		Release|Any CPU = Release|Any CPU
	EndGlobalSection
	GlobalSection(ProjectConfigurationPlatforms) = postSolution
		{765C8450-5E9C-47FE-8A82-A46DD5C5CAE5}.Debug|Any CPU.ActiveCfg = Debug|Any CPU
		{765C8450-5E9C-47FE-8A82-A46DD5C5CAE5}.Debug|Any CPU.Build.0 = Debug|Any CPU
		{765C8450-5E9C-47FE-8A82-A46DD5C5CAE5}.Release|Any CPU.ActiveCfg = Release|Any CPU
		{765C8450-5E9C-47FE-8A82-A46DD5C5CAE5}.Release|Any CPU.Build.0 = Release|Any CPU
	EndGlobalSection
	GlobalSection(SolutionProperties) = preSolution
		HideSolutionNode = FALSE
	EndGlobalSection
	GlobalSection(ExtensibilityGlobals) = postSolution
		SolutionGuid = {C9F6CA79-5600-4392-82DF-D6653913FDD9}
	EndGlobalSection
EndGlobal
